
Microsoft Visual Studio Solution File, Format Version 12.00
# Visual Studio 14
VisualStudioVersion = 14.0.23107.0
MinimumVisualStudioVersion = 10.0.40219.1
Project("{888888A0-9F3D-457C-B088-3A5042F75D52}") = "ExcerciseFour", "ExcerciseFour\ExcerciseFour.pyproj", "{CA07013E-05AA-4043-AAAA-F6EF8DCA5190}"
EndProject
Global
	GlobalSection(SolutionConfigurationPlatforms) = preSolution
		Debug|Any CPU = Debug|Any CPU
		Release|Any CPU = Release|Any CPU
	EndGlobalSection
	GlobalSection(ProjectConfigurationPlatforms) = postSolution
		{CA07013E-05AA-4043-AAAA-F6EF8DCA5190}.Debug|Any CPU.ActiveCfg = Debug|Any CPU
		{CA07013E-05AA-4043-AAAA-F6EF8DCA5190}.Release|Any CPU.ActiveCfg = Release|Any CPU
	EndGlobalSection
	GlobalSection(SolutionProperties) = preSolution
		HideSolutionNode = FALSE
	EndGlobalSection
EndGlobal
